
Microsoft Visual Studio Solution File, Format Version 12.00
# Visual Studio Version 17
VisualStudioVersion = 17.13.35931.197
MinimumVisualStudioVersion = 10.0.40219.1
Project("{FAE04EC0-301F-11D3-BF4B-00C04F79EFBC}") = "To-Do List", "To-Do List\To-Do List.csproj", "{D416B85A-5DD1-4366-AE94-FD1FDBA18450}"
EndProject
Project("{FAE04EC0-301F-11D3-BF4B-00C04F79EFBC}") = "To-Do List.Tests", "To-Do List.Tests\To-Do List.Tests.csproj", "{134D628C-24CC-4A20-91F7-24F18812E12D}"
EndProject
Global
	GlobalSection(SolutionConfigurationPlatforms) = preSolution
		Debug|Any CPU = Debug|Any CPU
		Release|Any CPU = Release|Any CPU
	EndGlobalSection
	GlobalSection(ProjectConfigurationPlatforms) = postSolution
		{D416B85A-5DD1-4366-AE94-FD1FDBA18450}.Debug|Any CPU.ActiveCfg = Debug|Any CPU
		{D416B85A-5DD1-4366-AE94-FD1FDBA18450}.Debug|Any CPU.Build.0 = Debug|Any CPU
		{D416B85A-5DD1-4366-AE94-FD1FDBA18450}.Release|Any CPU.ActiveCfg = Release|Any CPU
		{D416B85A-5DD1-4366-AE94-FD1FDBA18450}.Release|Any CPU.Build.0 = Release|Any CPU
		{134D628C-24CC-4A20-91F7-24F18812E12D}.Debug|Any CPU.ActiveCfg = Debug|Any CPU
		{134D628C-24CC-4A20-91F7-24F18812E12D}.Debug|Any CPU.Build.0 = Debug|Any CPU
		{134D628C-24CC-4A20-91F7-24F18812E12D}.Release|Any CPU.ActiveCfg = Release|Any CPU
		{134D628C-24CC-4A20-91F7-24F18812E12D}.Release|Any CPU.Build.0 = Release|Any CPU
	EndGlobalSection
	GlobalSection(SolutionProperties) = preSolution
		HideSolutionNode = FALSE
	EndGlobalSection
	GlobalSection(ExtensibilityGlobals) = postSolution
		SolutionGuid = {77E187D3-3BA5-46E6-B94F-77C2840947EB}
	EndGlobalSection
EndGlobal
